
Microsoft Visual Studio Solution File, Format Version 12.00
# Visual Studio 14
VisualStudioVersion = 14.0.25123.0
MinimumVisualStudioVersion = 10.0.40219.1
Project("{FD4D210F-81BC-4848-A4DC-30E02ED7E0AB}") = "Sitecore.Support.95425.150043", "Sitecore.Support.95425.150043\Sitecore.Support.95425.150043.csproj", "{C3303681-D361-4783-B6C4-D1BF38D655A8}"
EndProject
Global
	GlobalSection(SolutionConfigurationPlatforms) = preSolution
		Debug|Any CPU = Debug|Any CPU
		Release|Any CPU = Release|Any CPU
	EndGlobalSection
	GlobalSection(ProjectConfigurationPlatforms) = postSolution
		{C3303681-D361-4783-B6C4-D1BF38D655A8}.Debug|Any CPU.ActiveCfg = Debug|Any CPU
		{C3303681-D361-4783-B6C4-D1BF38D655A8}.Debug|Any CPU.Build.0 = Debug|Any CPU
		{C3303681-D361-4783-B6C4-D1BF38D655A8}.Release|Any CPU.ActiveCfg = Release|Any CPU
		{C3303681-D361-4783-B6C4-D1BF38D655A8}.Release|Any CPU.Build.0 = Release|Any CPU
	EndGlobalSection
	GlobalSection(SolutionProperties) = preSolution
		HideSolutionNode = FALSE
	EndGlobalSection
EndGlobal
